
Microsoft Visual Studio Solution File, Format Version 12.00
# Visual Studio Version 16
VisualStudioVersion = 16.0.33130.400
MinimumVisualStudioVersion = 10.0.40219.1
Project("{FAE04EC0-301F-11D3-BF4B-00C04F79EFBC}") = "DB_And_Table_Creation", "DB_And_Table_Creation\DB_And_Table_Creation.csproj", "{8A16F759-E35F-46CD-BDB0-4B9DD55DF341}"
EndProject
Global
	GlobalSection(SolutionConfigurationPlatforms) = preSolution
		Debug|Any CPU = Debug|Any CPU
		Release|Any CPU = Release|Any CPU
	EndGlobalSection
	GlobalSection(ProjectConfigurationPlatforms) = postSolution
		{8A16F759-E35F-46CD-BDB0-4B9DD55DF341}.Debug|Any CPU.ActiveCfg = Debug|Any CPU
		{8A16F759-E35F-46CD-BDB0-4B9DD55DF341}.Debug|Any CPU.Build.0 = Debug|Any CPU
		{8A16F759-E35F-46CD-BDB0-4B9DD55DF341}.Release|Any CPU.ActiveCfg = Release|Any CPU
		{8A16F759-E35F-46CD-BDB0-4B9DD55DF341}.Release|Any CPU.Build.0 = Release|Any CPU
	EndGlobalSection
	GlobalSection(SolutionProperties) = preSolution
		HideSolutionNode = FALSE
	EndGlobalSection
	GlobalSection(ExtensibilityGlobals) = postSolution
		SolutionGuid = {78704A4C-DE65-4F30-9660-0B2E11AFDA53}
	EndGlobalSection
EndGlobal
